// !$*UTF8*$!
{
	archiveVersion = 1;
	classes = {
	};
	objectVersion = 46;
	objects = {

/* Begin PBXBuildFile section */
		9F2696F81CADE002009C8E0C /* roundButton.swift in Sources */ = {isa = PBXBuildFile; fileRef = 9F2696F71CADE002009C8E0C /* roundButton.swift */; };
		9F3752851CADCA390047FC73 /* AppDelegate.swift in Sources */ = {isa = PBXBuildFile; fileRef = 9F3752841CADCA390047FC73 /* AppDelegate.swift */; };
		9F3752871CADCA390047FC73 /* indexViewController.swift in Sources */ = {isa = PBXBuildFile; fileRef = 9F3752861CADCA390047FC73 /* indexViewController.swift */; };
		9F37528A1CADCA390047FC73 /* Main.storyboard in Resources */ = {isa = PBXBuildFile; fileRef = 9F3752881CADCA390047FC73 /* Main.storyboard */; };
		9F37528C1CADCA390047FC73 /* Assets.xcassets in Resources */ = {isa = PBXBuildFile; fileRef = 9F37528B1CADCA390047FC73 /* Assets.xcassets */; };
		9F37528F1CADCA390047FC73 /* LaunchScreen.storyboard in Resources */ = {isa = PBXBuildFile; fileRef = 9F37528D1CADCA390047FC73 /* LaunchScreen.storyboard */; };
		9F7458E21CAF68B000CBC267 /* iconeMe.swift in Sources */ = {isa = PBXBuildFile; fileRef = 9F7458E11CAF68B000CBC267 /* iconeMe.swift */; };
		9F7458E41CB01D0000CBC267 /* ChipsTableViewController.swift in Sources */ = {isa = PBXBuildFile; fileRef = 9F7458E31CB01D0000CBC267 /* ChipsTableViewController.swift */; };
		9F7458E61CB06E4700CBC267 /* SingleCellTableViewCell.swift in Sources */ = {isa = PBXBuildFile; fileRef = 9F7458E51CB06E4600CBC267 /* SingleCellTableViewCell.swift */; };
		9F7458E81CB0CDA500CBC267 /* keys.plist in Resources */ = {isa = PBXBuildFile; fileRef = 9F7458E71CB0CDA500CBC267 /* keys.plist */; };
		9F7458EA1CB0CFEC00CBC267 /* KeyList.swift in Sources */ = {isa = PBXBuildFile; fileRef = 9F7458E91CB0CFEC00CBC267 /* KeyList.swift */; };
		9F8962731CAF1EAC008E65E2 /* backTableViewController.swift in Sources */ = {isa = PBXBuildFile; fileRef = 9F8962721CAF1EAC008E65E2 /* backTableViewController.swift */; };
		E214A8F9B6CB7D67F23A4942 /* Pods_SpoonBox.framework in Frameworks */ = {isa = PBXBuildFile; fileRef = 5892FBB1D4F09C17BF8FF48D /* Pods_SpoonBox.framework */; };
/* End PBXBuildFile section */

/* Begin PBXFileReference section */
		2C408E6A20B5C16B42822DA2 /* Pods-SpoonBox.debug.xcconfig */ = {isa = PBXFileReference; includeInIndex = 1; lastKnownFileType = text.xcconfig; name = "Pods-SpoonBox.debug.xcconfig"; path = "Pods/Target Support Files/Pods-SpoonBox/Pods-SpoonBox.debug.xcconfig"; sourceTree = "<group>"; };
		5892FBB1D4F09C17BF8FF48D /* Pods_SpoonBox.framework */ = {isa = PBXFileReference; explicitFileType = wrapper.framework; includeInIndex = 0; path = Pods_SpoonBox.framework; sourceTree = BUILT_PRODUCTS_DIR; };
		9F2696F71CADE002009C8E0C /* roundButton.swift */ = {isa = PBXFileReference; fileEncoding = 4; lastKnownFileType = sourcecode.swift; name = roundButton.swift; path = Views/roundButton.swift; sourceTree = "<group>"; };
		9F3752811CADCA390047FC73 /* SpoonBox.app */ = {isa = PBXFileReference; explicitFileType = wrapper.application; includeInIndex = 0; path = SpoonBox.app; sourceTree = BUILT_PRODUCTS_DIR; };
		9F3752841CADCA390047FC73 /* AppDelegate.swift */ = {isa = PBXFileReference; lastKnownFileType = sourcecode.swift; path = AppDelegate.swift; sourceTree = "<group>"; };
		9F3752861CADCA390047FC73 /* indexViewController.swift */ = {isa = PBXFileReference; lastKnownFileType = sourcecode.swift; name = indexViewController.swift; path = Controllers/indexViewController.swift; sourceTree = "<group>"; };
		9F3752891CADCA390047FC73 /* Base */ = {isa = PBXFileReference; lastKnownFileType = file.storyboard; name = Base; path = Base.lproj/Main.storyboard; sourceTree = "<group>"; };
		9F37528B1CADCA390047FC73 /* Assets.xcassets */ = {isa = PBXFileReference; lastKnownFileType = folder.assetcatalog; path = Assets.xcassets; sourceTree = "<group>"; };
		9F37528E1CADCA390047FC73 /* Base */ = {isa = PBXFileReference; lastKnownFileType = file.storyboard; name = Base; path = Base.lproj/LaunchScreen.storyboard; sourceTree = "<group>"; };
		9F3752901CADCA390047FC73 /* Info.plist */ = {isa = PBXFileReference; lastKnownFileType = text.plist.xml; path = Info.plist; sourceTree = "<group>"; };
		9F7458E11CAF68B000CBC267 /* iconeMe.swift */ = {isa = PBXFileReference; fileEncoding = 4; lastKnownFileType = sourcecode.swift; name = iconeMe.swift; path = Views/iconeMe.swift; sourceTree = "<group>"; };
		9F7458E31CB01D0000CBC267 /* ChipsTableViewController.swift */ = {isa = PBXFileReference; fileEncoding = 4; lastKnownFileType = sourcecode.swift; name = ChipsTableViewController.swift; path = Controllers/ChipsTableViewController.swift; sourceTree = "<group>"; };
		9F7458E51CB06E4600CBC267 /* SingleCellTableViewCell.swift */ = {isa = PBXFileReference; fileEncoding = 4; lastKnownFileType = sourcecode.swift; name = SingleCellTableViewCell.swift; path = Models/SingleCellTableViewCell.swift; sourceTree = "<group>"; };
		9F7458E71CB0CDA500CBC267 /* keys.plist */ = {isa = PBXFileReference; fileEncoding = 4; lastKnownFileType = text.plist.xml; path = keys.plist; sourceTree = "<group>"; };
		9F7458E91CB0CFEC00CBC267 /* KeyList.swift */ = {isa = PBXFileReference; fileEncoding = 4; lastKnownFileType = sourcecode.swift; name = KeyList.swift; path = Models/KeyList.swift; sourceTree = "<group>"; };
		9F8962721CAF1EAC008E65E2 /* backTableViewController.swift */ = {isa = PBXFileReference; fileEncoding = 4; lastKnownFileType = sourcecode.swift; name = backTableViewController.swift; path = Controllers/backTableViewController.swift; sourceTree = "<group>"; };
		EE9ABFAF833918D29ECA82E6 /* Pods-SpoonBox.release.xcconfig */ = {isa = PBXFileReference; includeInIndex = 1; lastKnownFileType = text.xcconfig; name = "Pods-SpoonBox.release.xcconfig"; path = "Pods/Target Support Files/Pods-SpoonBox/Pods-SpoonBox.release.xcconfig"; sourceTree = "<group>"; };
/* End PBXFileReference section */

/* Begin PBXFrameworksBuildPhase section */
		9F37527E1CADCA390047FC73 /* Frameworks */ = {
			isa = PBXFrameworksBuildPhase;
			buildActionMask = 2147483647;
			files = (
				E214A8F9B6CB7D67F23A4942 /* Pods_SpoonBox.framework in Frameworks */,
			);
			runOnlyForDeploymentPostprocessing = 0;
		};
/* End PBXFrameworksBuildPhase section */

/* Begin PBXGroup section */
		9F2696F41CADDFBD009C8E0C /* Views */ = {
			isa = PBXGroup;
			children = (
				9F2696F71CADE002009C8E0C /* roundButton.swift */,
				9F7458E11CAF68B000CBC267 /* iconeMe.swift */,
			);
			name = Views;
			sourceTree = "<group>";
		};
		9F2696F51CADDFC8009C8E0C /* Controllers */ = {
			isa = PBXGroup;
			children = (
				9F3752861CADCA390047FC73 /* indexViewController.swift */,
				9F8962721CAF1EAC008E65E2 /* backTableViewController.swift */,
				9F7458E31CB01D0000CBC267 /* ChipsTableViewController.swift */,
			);
			name = Controllers;
			sourceTree = "<group>";
		};
		9F2696F61CADDFD3009C8E0C /* Models */ = {
			isa = PBXGroup;
			children = (
				9F7458E51CB06E4600CBC267 /* SingleCellTableViewCell.swift */,
				9F7458E91CB0CFEC00CBC267 /* KeyList.swift */,
			);
			name = Models;
			sourceTree = "<group>";
		};
		9F3752781CADCA380047FC73 = {
			isa = PBXGroup;
			children = (
				9F3752831CADCA390047FC73 /* SpoonBox */,
				9F3752821CADCA390047FC73 /* Products */,
				CBC72055B1147FF29254E9F1 /* Pods */,
				EA349EF51D558DD5165F7BB9 /* Frameworks */,
			);
			sourceTree = "<group>";
		};
		9F3752821CADCA390047FC73 /* Products */ = {
			isa = PBXGroup;
			children = (
				9F3752811CADCA390047FC73 /* SpoonBox.app */,
			);
			name = Products;
			sourceTree = "<group>";
		};
		9F3752831CADCA390047FC73 /* SpoonBox */ = {
			isa = PBXGroup;
			children = (
				9F2696F61CADDFD3009C8E0C /* Models */,
				9F2696F51CADDFC8009C8E0C /* Controllers */,
				9F2696F41CADDFBD009C8E0C /* Views */,
				9F3752841CADCA390047FC73 /* AppDelegate.swift */,
				9F3752881CADCA390047FC73 /* Main.storyboard */,
				9F37528B1CADCA390047FC73 /* Assets.xcassets */,
				9F37528D1CADCA390047FC73 /* LaunchScreen.storyboard */,
				9F7458E71CB0CDA500CBC267 /* keys.plist */,
				9F3752901CADCA390047FC73 /* Info.plist */,
			);
			path = SpoonBox;
			sourceTree = "<group>";
		};
		CBC72055B1147FF29254E9F1 /* Pods */ = {
			isa = PBXGroup;
			children = (
				2C408E6A20B5C16B42822DA2 /* Pods-SpoonBox.debug.xcconfig */,
				EE9ABFAF833918D29ECA82E6 /* Pods-SpoonBox.release.xcconfig */,
			);
			name = Pods;
			sourceTree = "<group>";
		};
		EA349EF51D558DD5165F7BB9 /* Frameworks */ = {
			isa = PBXGroup;
			children = (
				5892FBB1D4F09C17BF8FF48D /* Pods_SpoonBox.framework */,
			);
			name = Frameworks;
			sourceTree = "<group>";
		};
/* End PBXGroup section */

/* Begin PBXNativeTarget section */
		9F3752801CADCA390047FC73 /* SpoonBox */ = {
			isa = PBXNativeTarget;
			buildConfigurationList = 9F3752931CADCA390047FC73 /* Build configuration list for PBXNativeTarget "SpoonBox" */;
			buildPhases = (
				E74C5570117842889062138D /* Check Pods Manifest.lock */,
				9F37527D1CADCA390047FC73 /* Sources */,
				9F37527E1CADCA390047FC73 /* Frameworks */,
				9F37527F1CADCA390047FC73 /* Resources */,
				4B0937F831036A1ED3F93E67 /* Embed Pods Frameworks */,
				2B8AE0B26AC4EA6253A252A1 /* Copy Pods Resources */,
			);
			buildRules = (
			);
			dependencies = (
			);
			name = SpoonBox;
			productName = SpoonBox;
			productReference = 9F3752811CADCA390047FC73 /* SpoonBox.app */;
			productType = "com.apple.product-type.application";
		};
/* End PBXNativeTarget section */

/* Begin PBXProject section */
		9F3752791CADCA380047FC73 /* Project object */ = {
			isa = PBXProject;
			attributes = {
				LastSwiftUpdateCheck = 0730;
				LastUpgradeCheck = 0730;
				ORGANIZATIONNAME = jasmo2;
				TargetAttributes = {
					9F3752801CADCA390047FC73 = {
						CreatedOnToolsVersion = 7.3;
						DevelopmentTeam = Q65QCPBA7H;
					};
				};
			};
			buildConfigurationList = 9F37527C1CADCA380047FC73 /* Build configuration list for PBXProject "SpoonBox" */;
			compatibilityVersion = "Xcode 3.2";
			developmentRegion = English;
			hasScannedForEncodings = 0;
			knownRegions = (
				en,
				Base,
			);
			mainGroup = 9F3752781CADCA380047FC73;
			productRefGroup = 9F3752821CADCA390047FC73 /* Products */;
			projectDirPath = "";
			projectRoot = "";
			targets = (
				9F3752801CADCA390047FC73 /* SpoonBox */,
			);
		};
/* End PBXProject section */

/* Begin PBXResourcesBuildPhase section */
		9F37527F1CADCA390047FC73 /* Resources */ = {
			isa = PBXResourcesBuildPhase;
			buildActionMask = 2147483647;
			files = (
				9F7458E81CB0CDA500CBC267 /* keys.plist in Resources */,
				9F37528F1CADCA390047FC73 /* LaunchScreen.storyboard in Resources */,
				9F37528C1CADCA390047FC73 /* Assets.xcassets in Resources */,
				9F37528A1CADCA390047FC73 /* Main.storyboard in Resources */,
			);
			runOnlyForDeploymentPostprocessing = 0;
		};
/* End PBXResourcesBuildPhase section */

/* Begin PBXShellScriptBuildPhase section */
		2B8AE0B26AC4EA6253A252A1 /* Copy Pods Resources */ = {
			isa = PBXShellScriptBuildPhase;
			buildActionMask = 2147483647;
			files = (
			);
			inputPaths = (
			);
			name = "Copy Pods Resources";
			outputPaths = (
			);
			runOnlyForDeploymentPostprocessing = 0;
			shellPath = /bin/sh;
			shellScript = "\"${SRCROOT}/Pods/Target Support Files/Pods-SpoonBox/Pods-SpoonBox-resources.sh\"\n";
			showEnvVarsInLog = 0;
		};
		4B0937F831036A1ED3F93E67 /* Embed Pods Frameworks */ = {
			isa = PBXShellScriptBuildPhase;
			buildActionMask = 2147483647;
			files = (
			);
			inputPaths = (
			);
			name = "Embed Pods Frameworks";
			outputPaths = (
			);
			runOnlyForDeploymentPostprocessing = 0;
			shellPath = /bin/sh;
			shellScript = "\"${SRCROOT}/Pods/Target Support Files/Pods-SpoonBox/Pods-SpoonBox-frameworks.sh\"\n";
			showEnvVarsInLog = 0;
		};
		E74C5570117842889062138D /* Check Pods Manifest.lock */ = {
			isa = PBXShellScriptBuildPhase;
			buildActionMask = 2147483647;
			files = (
			);
			inputPaths = (
			);
			name = "Check Pods Manifest.lock";
			outputPaths = (
			);
			runOnlyForDeploymentPostprocessing = 0;
			shellPath = /bin/sh;
			shellScript = "diff \"${PODS_ROOT}/../Podfile.lock\" \"${PODS_ROOT}/Manifest.lock\" > /dev/null\nif [[ $? != 0 ]] ; then\n    cat << EOM\nerror: The sandbox is not in sync with the Podfile.lock. Run 'pod install' or update your CocoaPods installation.\nEOM\n    exit 1\nfi\n";
			showEnvVarsInLog = 0;
		};
/* End PBXShellScriptBuildPhase section */

/* Begin PBXSourcesBuildPhase section */
		9F37527D1CADCA390047FC73 /* Sources */ = {
			isa = PBXSourcesBuildPhase;
			buildActionMask = 2147483647;
			files = (
				9F8962731CAF1EAC008E65E2 /* backTableViewController.swift in Sources */,
				9F3752871CADCA390047FC73 /* indexViewController.swift in Sources */,
				9F7458E21CAF68B000CBC267 /* iconeMe.swift in Sources */,
				9F2696F81CADE002009C8E0C /* roundButton.swift in Sources */,
				9F7458E61CB06E4700CBC267 /* SingleCellTableViewCell.swift in Sources */,
				9F7458EA1CB0CFEC00CBC267 /* KeyList.swift in Sources */,
				9F3752851CADCA390047FC73 /* AppDelegate.swift in Sources */,
				9F7458E41CB01D0000CBC267 /* ChipsTableViewController.swift in Sources */,
			);
			runOnlyForDeploymentPostprocessing = 0;
		};
/* End PBXSourcesBuildPhase section */

/* Begin PBXVariantGroup section */
		9F3752881CADCA390047FC73 /* Main.storyboard */ = {
			isa = PBXVariantGroup;
			children = (
				9F3752891CADCA390047FC73 /* Base */,
			);
			name = Main.storyboard;
			sourceTree = "<group>";
		};
		9F37528D1CADCA390047FC73 /* LaunchScreen.storyboard */ = {
			isa = PBXVariantGroup;
			children = (
				9F37528E1CADCA390047FC73 /* Base */,
			);
			name = LaunchScreen.storyboard;
			sourceTree = "<group>";
		};
/* End PBXVariantGroup section */

/* Begin XCBuildConfiguration section */
		9F3752911CADCA390047FC73 /* Debug */ = {
			isa = XCBuildConfiguration;
			buildSettings = {
				ALWAYS_SEARCH_USER_PATHS = NO;
				CLANG_ANALYZER_NONNULL = YES;
				CLANG_CXX_LANGUAGE_STANDARD = "gnu++0x";
				CLANG_CXX_LIBRARY = "libc++";
				CLANG_ENABLE_MODULES = YES;
				CLANG_ENABLE_OBJC_ARC = YES;
				CLANG_WARN_BOOL_CONVERSION = YES;
				CLANG_WARN_CONSTANT_CONVERSION = YES;
				CLANG_WARN_DIRECT_OBJC_ISA_USAGE = YES_ERROR;
				CLANG_WARN_EMPTY_BODY = YES;
				CLANG_WARN_ENUM_CONVERSION = YES;
				CLANG_WARN_INT_CONVERSION = YES;
				CLANG_WARN_OBJC_ROOT_CLASS = YES_ERROR;
				CLANG_WARN_UNREACHABLE_CODE = YES;
				CLANG_WARN__DUPLICATE_METHOD_MATCH = YES;
				"CODE_SIGN_IDENTITY[sdk=iphoneos*]" = "iPhone Developer";
				COPY_PHASE_STRIP = NO;
				DEBUG_INFORMATION_FORMAT = dwarf;
				ENABLE_STRICT_OBJC_MSGSEND = YES;
				ENABLE_TESTABILITY = YES;
				GCC_C_LANGUAGE_STANDARD = gnu99;
				GCC_DYNAMIC_NO_PIC = NO;
				GCC_NO_COMMON_BLOCKS = YES;
				GCC_OPTIMIZATION_LEVEL = 0;
				GCC_PREPROCESSOR_DEFINITIONS = (
					"DEBUG=1",
					"$(inherited)",
				);
				GCC_WARN_64_TO_32_BIT_CONVERSION = YES;
				GCC_WARN_ABOUT_RETURN_TYPE = YES_ERROR;
				GCC_WARN_UNDECLARED_SELECTOR = YES;
				GCC_WARN_UNINITIALIZED_AUTOS = YES_AGGRESSIVE;
				GCC_WARN_UNUSED_FUNCTION = YES;
				GCC_WARN_UNUSED_VARIABLE = YES;
				IPHONEOS_DEPLOYMENT_TARGET = 9.3;
				MTL_ENABLE_DEBUG_INFO = YES;
				ONLY_ACTIVE_ARCH = YES;
				SDKROOT = iphoneos;
				SWIFT_OPTIMIZATION_LEVEL = "-Onone";
			};
			name = Debug;
		};
		9F3752921CADCA390047FC73 /* Release */ = {
			isa = XCBuildConfiguration;
			buildSettings = {
				ALWAYS_SEARCH_USER_PATHS = NO;
				CLANG_ANALYZER_NONNULL = YES;
				CLANG_CXX_LANGUAGE_STANDARD = "gnu++0x";
				CLANG_CXX_LIBRARY = "libc++";
				CLANG_ENABLE_MODULES = YES;
				CLANG_ENABLE_OBJC_ARC = YES;
				CLANG_WARN_BOOL_CONVERSION = YES;
				CLANG_WARN_CONSTANT_CONVERSION = YES;
				CLANG_WARN_DIRECT_OBJC_ISA_USAGE = YES_ERROR;
				CLANG_WARN_EMPTY_BODY = YES;
				CLANG_WARN_ENUM_CONVERSION = YES;
				CLANG_WARN_INT_CONVERSION = YES;
				CLANG_WARN_OBJC_ROOT_CLASS = YES_ERROR;
				CLANG_WARN_UNREACHABLE_CODE = YES;
				CLANG_WARN__DUPLICATE_METHOD_MATCH = YES;
				"CODE_SIGN_IDENTITY[sdk=iphoneos*]" = "iPhone Developer";
				COPY_PHASE_STRIP = NO;
				DEBUG_INFORMATION_FORMAT = "dwarf-with-dsym";
				ENABLE_NS_ASSERTIONS = NO;
				ENABLE_STRICT_OBJC_MSGSEND = YES;
				GCC_C_LANGUAGE_STANDARD = gnu99;
				GCC_NO_COMMON_BLOCKS = YES;
				GCC_WARN_64_TO_32_BIT_CONVERSION = YES;
				GCC_WARN_ABOUT_RETURN_TYPE = YES_ERROR;
				GCC_WARN_UNDECLARED_SELECTOR = YES;
				GCC_WARN_UNINITIALIZED_AUTOS = YES_AGGRESSIVE;
				GCC_WARN_UNUSED_FUNCTION = YES;
				GCC_WARN_UNUSED_VARIABLE = YES;
				IPHONEOS_DEPLOYMENT_TARGET = 9.3;
				MTL_ENABLE_DEBUG_INFO = NO;
				SDKROOT = iphoneos;
				VALIDATE_PRODUCT = YES;
			};
			name = Release;
		};
		9F3752941CADCA390047FC73 /* Debug */ = {
			isa = XCBuildConfiguration;
			baseConfigurationReference = 2C408E6A20B5C16B42822DA2 /* Pods-SpoonBox.debug.xcconfig */;
			buildSettings = {
				ASSETCATALOG_COMPILER_APPICON_NAME = AppIcon;
				INFOPLIST_FILE = SpoonBox/Info.plist;
				LD_RUNPATH_SEARCH_PATHS = "$(inherited) @executable_path/Frameworks";
				PRODUCT_BUNDLE_IDENTIFIER = com.jasmo2.SpoonBox;
				PRODUCT_NAME = "$(TARGET_NAME)";
			};
			name = Debug;
		};
		9F3752951CADCA390047FC73 /* Release */ = {
			isa = XCBuildConfiguration;
			baseConfigurationReference = EE9ABFAF833918D29ECA82E6 /* Pods-SpoonBox.release.xcconfig */;
			buildSettings = {
				ASSETCATALOG_COMPILER_APPICON_NAME = AppIcon;
				INFOPLIST_FILE = SpoonBox/Info.plist;
				LD_RUNPATH_SEARCH_PATHS = "$(inherited) @executable_path/Frameworks";
				PRODUCT_BUNDLE_IDENTIFIER = com.jasmo2.SpoonBox;
				PRODUCT_NAME = "$(TARGET_NAME)";
			};
			name = Release;
		};
/* End XCBuildConfiguration section */

/* Begin XCConfigurationList section */
		9F37527C1CADCA380047FC73 /* Build configuration list for PBXProject "SpoonBox" */ = {
			isa = XCConfigurationList;
			buildConfigurations = (
				9F3752911CADCA390047FC73 /* Debug */,
				9F3752921CADCA390047FC73 /* Release */,
			);
			defaultConfigurationIsVisible = 0;
			defaultConfigurationName = Release;
		};
		9F3752931CADCA390047FC73 /* Build configuration list for PBXNativeTarget "SpoonBox" */ = {
			isa = XCConfigurationList;
			buildConfigurations = (
				9F3752941CADCA390047FC73 /* Debug */,
				9F3752951CADCA390047FC73 /* Release */,
			);
			defaultConfigurationIsVisible = 0;
			defaultConfigurationName = Release;
		};
/* End XCConfigurationList section */
	};
	rootObject = 9F3752791CADCA380047FC73 /* Project object */;
}
